
Microsoft Visual Studio Solution File, Format Version 12.00
# Visual Studio Version 17
VisualStudioVersion = 17.6.33829.357
MinimumVisualStudioVersion = 10.0.40219.1
Project("{FAE04EC0-301F-11D3-BF4B-00C04F79EFBC}") = "Expense manager", "Expense manager\Expense manager.csproj", "{63DF6167-D90D-4181-B748-5EA07EFB422C}"
EndProject
Global
	GlobalSection(SolutionConfigurationPlatforms) = preSolution
		Debug|Any CPU = Debug|Any CPU
		Release|Any CPU = Release|Any CPU
	EndGlobalSection
	GlobalSection(ProjectConfigurationPlatforms) = postSolution
		{63DF6167-D90D-4181-B748-5EA07EFB422C}.Debug|Any CPU.ActiveCfg = Debug|Any CPU
		{63DF6167-D90D-4181-B748-5EA07EFB422C}.Debug|Any CPU.Build.0 = Debug|Any CPU
		{63DF6167-D90D-4181-B748-5EA07EFB422C}.Release|Any CPU.ActiveCfg = Release|Any CPU
		{63DF6167-D90D-4181-B748-5EA07EFB422C}.Release|Any CPU.Build.0 = Release|Any CPU
	EndGlobalSection
	GlobalSection(SolutionProperties) = preSolution
		HideSolutionNode = FALSE
	EndGlobalSection
	GlobalSection(ExtensibilityGlobals) = postSolution
		SolutionGuid = {E5DA0754-4577-4CEC-BF04-3673856448A2}
	EndGlobalSection
EndGlobal
